// !$*UTF8*$!
{
	archiveVersion = 1;
	classes = {
	};
	objectVersion = 50;
	objects = {

/* Begin PBXBuildFile section */
		4DFEB70121B7EE9600A3E66D /* AppDelegate.swift in Sources */ = {isa = PBXBuildFile; fileRef = 4DFEB70021B7EE9600A3E66D /* AppDelegate.swift */; };
		4DFEB70321B7EE9600A3E66D /* HomeViewController.swift in Sources */ = {isa = PBXBuildFile; fileRef = 4DFEB70221B7EE9600A3E66D /* HomeViewController.swift */; };
		4DFEB70621B7EE9600A3E66D /* Main.storyboard in Resources */ = {isa = PBXBuildFile; fileRef = 4DFEB70421B7EE9600A3E66D /* Main.storyboard */; };
		4DFEB70821B7EE9700A3E66D /* Assets.xcassets in Resources */ = {isa = PBXBuildFile; fileRef = 4DFEB70721B7EE9700A3E66D /* Assets.xcassets */; };
		4DFEB70B21B7EE9700A3E66D /* LaunchScreen.storyboard in Resources */ = {isa = PBXBuildFile; fileRef = 4DFEB70921B7EE9700A3E66D /* LaunchScreen.storyboard */; };
		4DFEB71621B7EE9700A3E66D /* iOS_ExampleTests.swift in Sources */ = {isa = PBXBuildFile; fileRef = 4DFEB71521B7EE9700A3E66D /* iOS_ExampleTests.swift */; };
		4DFEB72121B7EE9700A3E66D /* iOS_ExampleUITests.swift in Sources */ = {isa = PBXBuildFile; fileRef = 4DFEB72021B7EE9700A3E66D /* iOS_ExampleUITests.swift */; };
/* End PBXBuildFile section */

/* Begin PBXContainerItemProxy section */
		4DFEB71221B7EE9700A3E66D /* PBXContainerItemProxy */ = {
			isa = PBXContainerItemProxy;
			containerPortal = 4DFEB6F521B7EE9600A3E66D /* Project object */;
			proxyType = 1;
			remoteGlobalIDString = 4DFEB6FC21B7EE9600A3E66D;
			remoteInfo = "iOS Example";
		};
		4DFEB71D21B7EE9700A3E66D /* PBXContainerItemProxy */ = {
			isa = PBXContainerItemProxy;
			containerPortal = 4DFEB6F521B7EE9600A3E66D /* Project object */;
			proxyType = 1;
			remoteGlobalIDString = 4DFEB6FC21B7EE9600A3E66D;
			remoteInfo = "iOS Example";
		};
		4DFEB73421B7F03100A3E66D /* PBXContainerItemProxy */ = {
			isa = PBXContainerItemProxy;
			containerPortal = 4DFEB72F21B7F03100A3E66D /* PlaceholderUITextView.xcodeproj */;
			proxyType = 2;
			remoteGlobalIDString = 4DF034B92164C36500742866;
			remoteInfo = PlaceholderUITextView;
		};
		4DFEB73621B7F03100A3E66D /* PBXContainerItemProxy */ = {
			isa = PBXContainerItemProxy;
			containerPortal = 4DFEB72F21B7F03100A3E66D /* PlaceholderUITextView.xcodeproj */;
			proxyType = 2;
			remoteGlobalIDString = 4DF034C22164C36500742866;
			remoteInfo = PlaceholderUITextViewTests;
		};
/* End PBXContainerItemProxy section */

/* Begin PBXFileReference section */
		4DFEB6FD21B7EE9600A3E66D /* iOS Example.app */ = {isa = PBXFileReference; explicitFileType = wrapper.application; includeInIndex = 0; path = "iOS Example.app"; sourceTree = BUILT_PRODUCTS_DIR; };
		4DFEB70021B7EE9600A3E66D /* AppDelegate.swift */ = {isa = PBXFileReference; lastKnownFileType = sourcecode.swift; path = AppDelegate.swift; sourceTree = "<group>"; };
		4DFEB70221B7EE9600A3E66D /* HomeViewController.swift */ = {isa = PBXFileReference; lastKnownFileType = sourcecode.swift; path = HomeViewController.swift; sourceTree = "<group>"; };
		4DFEB70521B7EE9600A3E66D /* Base */ = {isa = PBXFileReference; lastKnownFileType = file.storyboard; name = Base; path = Base.lproj/Main.storyboard; sourceTree = "<group>"; };
		4DFEB70721B7EE9700A3E66D /* Assets.xcassets */ = {isa = PBXFileReference; lastKnownFileType = folder.assetcatalog; path = Assets.xcassets; sourceTree = "<group>"; };
		4DFEB70A21B7EE9700A3E66D /* Base */ = {isa = PBXFileReference; lastKnownFileType = file.storyboard; name = Base; path = Base.lproj/LaunchScreen.storyboard; sourceTree = "<group>"; };
		4DFEB70C21B7EE9700A3E66D /* Info.plist */ = {isa = PBXFileReference; lastKnownFileType = text.plist.xml; path = Info.plist; sourceTree = "<group>"; };
		4DFEB71121B7EE9700A3E66D /* iOS ExampleTests.xctest */ = {isa = PBXFileReference; explicitFileType = wrapper.cfbundle; includeInIndex = 0; path = "iOS ExampleTests.xctest"; sourceTree = BUILT_PRODUCTS_DIR; };
		4DFEB71521B7EE9700A3E66D /* iOS_ExampleTests.swift */ = {isa = PBXFileReference; lastKnownFileType = sourcecode.swift; path = iOS_ExampleTests.swift; sourceTree = "<group>"; };
		4DFEB71721B7EE9700A3E66D /* Info.plist */ = {isa = PBXFileReference; lastKnownFileType = text.plist.xml; path = Info.plist; sourceTree = "<group>"; };
		4DFEB71C21B7EE9700A3E66D /* iOS ExampleUITests.xctest */ = {isa = PBXFileReference; explicitFileType = wrapper.cfbundle; includeInIndex = 0; path = "iOS ExampleUITests.xctest"; sourceTree = BUILT_PRODUCTS_DIR; };
		4DFEB72021B7EE9700A3E66D /* iOS_ExampleUITests.swift */ = {isa = PBXFileReference; lastKnownFileType = sourcecode.swift; path = iOS_ExampleUITests.swift; sourceTree = "<group>"; };
		4DFEB72221B7EE9700A3E66D /* Info.plist */ = {isa = PBXFileReference; lastKnownFileType = text.plist.xml; path = Info.plist; sourceTree = "<group>"; };
		4DFEB72F21B7F03100A3E66D /* PlaceholderUITextView.xcodeproj */ = {isa = PBXFileReference; lastKnownFileType = "wrapper.pb-project"; name = PlaceholderUITextView.xcodeproj; path = ../PlaceholderUITextView.xcodeproj; sourceTree = "<group>"; };
/* End PBXFileReference section */

/* Begin PBXFrameworksBuildPhase section */
		4DFEB6FA21B7EE9600A3E66D /* Frameworks */ = {
			isa = PBXFrameworksBuildPhase;
			buildActionMask = 2147483647;
			files = (
			);
			runOnlyForDeploymentPostprocessing = 0;
		};
		4DFEB70E21B7EE9700A3E66D /* Frameworks */ = {
			isa = PBXFrameworksBuildPhase;
			buildActionMask = 2147483647;
			files = (
			);
			runOnlyForDeploymentPostprocessing = 0;
		};
		4DFEB71921B7EE9700A3E66D /* Frameworks */ = {
			isa = PBXFrameworksBuildPhase;
			buildActionMask = 2147483647;
			files = (
			);
			runOnlyForDeploymentPostprocessing = 0;
		};
/* End PBXFrameworksBuildPhase section */

/* Begin PBXGroup section */
		4DFEB6F421B7EE9600A3E66D = {
			isa = PBXGroup;
			children = (
				4DFEB72F21B7F03100A3E66D /* PlaceholderUITextView.xcodeproj */,
				4DFEB6FF21B7EE9600A3E66D /* iOS Example */,
				4DFEB71421B7EE9700A3E66D /* iOS ExampleTests */,
				4DFEB71F21B7EE9700A3E66D /* iOS ExampleUITests */,
				4DFEB6FE21B7EE9600A3E66D /* Products */,
			);
			sourceTree = "<group>";
		};
		4DFEB6FE21B7EE9600A3E66D /* Products */ = {
			isa = PBXGroup;
			children = (
				4DFEB6FD21B7EE9600A3E66D /* iOS Example.app */,
				4DFEB71121B7EE9700A3E66D /* iOS ExampleTests.xctest */,
				4DFEB71C21B7EE9700A3E66D /* iOS ExampleUITests.xctest */,
			);
			name = Products;
			sourceTree = "<group>";
		};
		4DFEB6FF21B7EE9600A3E66D /* iOS Example */ = {
			isa = PBXGroup;
			children = (
				4DFEB70021B7EE9600A3E66D /* AppDelegate.swift */,
				4DFEB70221B7EE9600A3E66D /* HomeViewController.swift */,
				4DFEB70421B7EE9600A3E66D /* Main.storyboard */,
				4DFEB70721B7EE9700A3E66D /* Assets.xcassets */,
				4DFEB70921B7EE9700A3E66D /* LaunchScreen.storyboard */,
				4DFEB70C21B7EE9700A3E66D /* Info.plist */,
			);
			path = "iOS Example";
			sourceTree = "<group>";
		};
		4DFEB71421B7EE9700A3E66D /* iOS ExampleTests */ = {
			isa = PBXGroup;
			children = (
				4DFEB71521B7EE9700A3E66D /* iOS_ExampleTests.swift */,
				4DFEB71721B7EE9700A3E66D /* Info.plist */,
			);
			path = "iOS ExampleTests";
			sourceTree = "<group>";
		};
		4DFEB71F21B7EE9700A3E66D /* iOS ExampleUITests */ = {
			isa = PBXGroup;
			children = (
				4DFEB72021B7EE9700A3E66D /* iOS_ExampleUITests.swift */,
				4DFEB72221B7EE9700A3E66D /* Info.plist */,
			);
			path = "iOS ExampleUITests";
			sourceTree = "<group>";
		};
		4DFEB73021B7F03100A3E66D /* Products */ = {
			isa = PBXGroup;
			children = (
				4DFEB73521B7F03100A3E66D /* PlaceholderUITextView.framework */,
				4DFEB73721B7F03100A3E66D /* PlaceholderUITextViewTests.xctest */,
			);
			name = Products;
			sourceTree = "<group>";
		};
/* End PBXGroup section */

/* Begin PBXNativeTarget section */
		4DFEB6FC21B7EE9600A3E66D /* iOS Example */ = {
			isa = PBXNativeTarget;
			buildConfigurationList = 4DFEB72521B7EE9700A3E66D /* Build configuration list for PBXNativeTarget "iOS Example" */;
			buildPhases = (
				4DFEB6F921B7EE9600A3E66D /* Sources */,
				4DFEB6FA21B7EE9600A3E66D /* Frameworks */,
				4DFEB6FB21B7EE9600A3E66D /* Resources */,
			);
			buildRules = (
			);
			dependencies = (
			);
			name = "iOS Example";
			productName = "iOS Example";
			productReference = 4DFEB6FD21B7EE9600A3E66D /* iOS Example.app */;
			productType = "com.apple.product-type.application";
		};
		4DFEB71021B7EE9700A3E66D /* iOS ExampleTests */ = {
			isa = PBXNativeTarget;
			buildConfigurationList = 4DFEB72821B7EE9700A3E66D /* Build configuration list for PBXNativeTarget "iOS ExampleTests" */;
			buildPhases = (
				4DFEB70D21B7EE9700A3E66D /* Sources */,
				4DFEB70E21B7EE9700A3E66D /* Frameworks */,
				4DFEB70F21B7EE9700A3E66D /* Resources */,
			);
			buildRules = (
			);
			dependencies = (
				4DFEB71321B7EE9700A3E66D /* PBXTargetDependency */,
			);
			name = "iOS ExampleTests";
			productName = "iOS ExampleTests";
			productReference = 4DFEB71121B7EE9700A3E66D /* iOS ExampleTests.xctest */;
			productType = "com.apple.product-type.bundle.unit-test";
		};
		4DFEB71B21B7EE9700A3E66D /* iOS ExampleUITests */ = {
			isa = PBXNativeTarget;
			buildConfigurationList = 4DFEB72B21B7EE9700A3E66D /* Build configuration list for PBXNativeTarget "iOS ExampleUITests" */;
			buildPhases = (
				4DFEB71821B7EE9700A3E66D /* Sources */,
				4DFEB71921B7EE9700A3E66D /* Frameworks */,
				4DFEB71A21B7EE9700A3E66D /* Resources */,
			);
			buildRules = (
			);
			dependencies = (
				4DFEB71E21B7EE9700A3E66D /* PBXTargetDependency */,
			);
			name = "iOS ExampleUITests";
			productName = "iOS ExampleUITests";
			productReference = 4DFEB71C21B7EE9700A3E66D /* iOS ExampleUITests.xctest */;
			productType = "com.apple.product-type.bundle.ui-testing";
		};
/* End PBXNativeTarget section */

/* Begin PBXProject section */
		4DFEB6F521B7EE9600A3E66D /* Project object */ = {
			isa = PBXProject;
			attributes = {
				LastSwiftUpdateCheck = 1010;
				LastUpgradeCheck = 1010;
				ORGANIZATIONNAME = Platphorm;
				TargetAttributes = {
					4DFEB6FC21B7EE9600A3E66D = {
						CreatedOnToolsVersion = 10.1;
					};
					4DFEB71021B7EE9700A3E66D = {
						CreatedOnToolsVersion = 10.1;
						TestTargetID = 4DFEB6FC21B7EE9600A3E66D;
					};
					4DFEB71B21B7EE9700A3E66D = {
						CreatedOnToolsVersion = 10.1;
						TestTargetID = 4DFEB6FC21B7EE9600A3E66D;
					};
				};
			};
			buildConfigurationList = 4DFEB6F821B7EE9600A3E66D /* Build configuration list for PBXProject "iOS Example" */;
			compatibilityVersion = "Xcode 9.3";
			developmentRegion = en;
			hasScannedForEncodings = 0;
			knownRegions = (
				en,
				Base,
			);
			mainGroup = 4DFEB6F421B7EE9600A3E66D;
			productRefGroup = 4DFEB6FE21B7EE9600A3E66D /* Products */;
			projectDirPath = "";
			projectReferences = (
				{
					ProductGroup = 4DFEB73021B7F03100A3E66D /* Products */;
					ProjectRef = 4DFEB72F21B7F03100A3E66D /* PlaceholderUITextView.xcodeproj */;
				},
			);
			projectRoot = "";
			targets = (
				4DFEB6FC21B7EE9600A3E66D /* iOS Example */,
				4DFEB71021B7EE9700A3E66D /* iOS ExampleTests */,
				4DFEB71B21B7EE9700A3E66D /* iOS ExampleUITests */,
			);
		};
/* End PBXProject section */

/* Begin PBXReferenceProxy section */
		4DFEB73521B7F03100A3E66D /* PlaceholderUITextView.framework */ = {
			isa = PBXReferenceProxy;
			fileType = wrapper.framework;
			path = PlaceholderUITextView.framework;
			remoteRef = 4DFEB73421B7F03100A3E66D /* PBXContainerItemProxy */;
			sourceTree = BUILT_PRODUCTS_DIR;
		};
		4DFEB73721B7F03100A3E66D /* PlaceholderUITextViewTests.xctest */ = {
			isa = PBXReferenceProxy;
			fileType = wrapper.cfbundle;
			path = PlaceholderUITextViewTests.xctest;
			remoteRef = 4DFEB73621B7F03100A3E66D /* PBXContainerItemProxy */;
			sourceTree = BUILT_PRODUCTS_DIR;
		};
/* End PBXReferenceProxy section */

/* Begin PBXResourcesBuildPhase section */
		4DFEB6FB21B7EE9600A3E66D /* Resources */ = {
			isa = PBXResourcesBuildPhase;
			buildActionMask = 2147483647;
			files = (
				4DFEB70B21B7EE9700A3E66D /* LaunchScreen.storyboard in Resources */,
				4DFEB70821B7EE9700A3E66D /* Assets.xcassets in Resources */,
				4DFEB70621B7EE9600A3E66D /* Main.storyboard in Resources */,
			);
			runOnlyForDeploymentPostprocessing = 0;
		};
		4DFEB70F21B7EE9700A3E66D /* Resources */ = {
			isa = PBXResourcesBuildPhase;
			buildActionMask = 2147483647;
			files = (
			);
			runOnlyForDeploymentPostprocessing = 0;
		};
		4DFEB71A21B7EE9700A3E66D /* Resources */ = {
			isa = PBXResourcesBuildPhase;
			buildActionMask = 2147483647;
			files = (
			);
			runOnlyForDeploymentPostprocessing = 0;
		};
/* End PBXResourcesBuildPhase section */

/* Begin PBXSourcesBuildPhase section */
		4DFEB6F921B7EE9600A3E66D /* Sources */ = {
			isa = PBXSourcesBuildPhase;
			buildActionMask = 2147483647;
			files = (
				4DFEB70321B7EE9600A3E66D /* HomeViewController.swift in Sources */,
				4DFEB70121B7EE9600A3E66D /* AppDelegate.swift in Sources */,
			);
			runOnlyForDeploymentPostprocessing = 0;
		};
		4DFEB70D21B7EE9700A3E66D /* Sources */ = {
			isa = PBXSourcesBuildPhase;
			buildActionMask = 2147483647;
			files = (
				4DFEB71621B7EE9700A3E66D /* iOS_ExampleTests.swift in Sources */,
			);
			runOnlyForDeploymentPostprocessing = 0;
		};
		4DFEB71821B7EE9700A3E66D /* Sources */ = {
			isa = PBXSourcesBuildPhase;
			buildActionMask = 2147483647;
			files = (
				4DFEB72121B7EE9700A3E66D /* iOS_ExampleUITests.swift in Sources */,
			);
			runOnlyForDeploymentPostprocessing = 0;
		};
/* End PBXSourcesBuildPhase section */

/* Begin PBXTargetDependency section */
		4DFEB71321B7EE9700A3E66D /* PBXTargetDependency */ = {
			isa = PBXTargetDependency;
			target = 4DFEB6FC21B7EE9600A3E66D /* iOS Example */;
			targetProxy = 4DFEB71221B7EE9700A3E66D /* PBXContainerItemProxy */;
		};
		4DFEB71E21B7EE9700A3E66D /* PBXTargetDependency */ = {
			isa = PBXTargetDependency;
			target = 4DFEB6FC21B7EE9600A3E66D /* iOS Example */;
			targetProxy = 4DFEB71D21B7EE9700A3E66D /* PBXContainerItemProxy */;
		};
/* End PBXTargetDependency section */

/* Begin PBXVariantGroup section */
		4DFEB70421B7EE9600A3E66D /* Main.storyboard */ = {
			isa = PBXVariantGroup;
			children = (
				4DFEB70521B7EE9600A3E66D /* Base */,
			);
			name = Main.storyboard;
			sourceTree = "<group>";
		};
		4DFEB70921B7EE9700A3E66D /* LaunchScreen.storyboard */ = {
			isa = PBXVariantGroup;
			children = (
				4DFEB70A21B7EE9700A3E66D /* Base */,
			);
			name = LaunchScreen.storyboard;
			sourceTree = "<group>";
		};
/* End PBXVariantGroup section */

/* Begin XCBuildConfiguration section */
		4DFEB72321B7EE9700A3E66D /* Debug */ = {
			isa = XCBuildConfiguration;
			buildSettings = {
				ALWAYS_SEARCH_USER_PATHS = NO;
				CLANG_ANALYZER_NONNULL = YES;
				CLANG_ANALYZER_NUMBER_OBJECT_CONVERSION = YES_AGGRESSIVE;
				CLANG_CXX_LANGUAGE_STANDARD = "gnu++14";
				CLANG_CXX_LIBRARY = "libc++";
				CLANG_ENABLE_MODULES = YES;
				CLANG_ENABLE_OBJC_ARC = YES;
				CLANG_ENABLE_OBJC_WEAK = YES;
				CLANG_WARN_BLOCK_CAPTURE_AUTORELEASING = YES;
				CLANG_WARN_BOOL_CONVERSION = YES;
				CLANG_WARN_COMMA = YES;
				CLANG_WARN_CONSTANT_CONVERSION = YES;
				CLANG_WARN_DEPRECATED_OBJC_IMPLEMENTATIONS = YES;
				CLANG_WARN_DIRECT_OBJC_ISA_USAGE = YES_ERROR;
				CLANG_WARN_DOCUMENTATION_COMMENTS = YES;
				CLANG_WARN_EMPTY_BODY = YES;
				CLANG_WARN_ENUM_CONVERSION = YES;
				CLANG_WARN_INFINITE_RECURSION = YES;
				CLANG_WARN_INT_CONVERSION = YES;
				CLANG_WARN_NON_LITERAL_NULL_CONVERSION = YES;
				CLANG_WARN_OBJC_IMPLICIT_RETAIN_SELF = YES;
				CLANG_WARN_OBJC_LITERAL_CONVERSION = YES;
				CLANG_WARN_OBJC_ROOT_CLASS = YES_ERROR;
				CLANG_WARN_RANGE_LOOP_ANALYSIS = YES;
				CLANG_WARN_STRICT_PROTOTYPES = YES;
				CLANG_WARN_SUSPICIOUS_MOVE = YES;
				CLANG_WARN_UNGUARDED_AVAILABILITY = YES_AGGRESSIVE;
				CLANG_WARN_UNREACHABLE_CODE = YES;
				CLANG_WARN__DUPLICATE_METHOD_MATCH = YES;
				CODE_SIGN_IDENTITY = "iPhone Developer";
				COPY_PHASE_STRIP = NO;
				DEBUG_INFORMATION_FORMAT = dwarf;
				ENABLE_STRICT_OBJC_MSGSEND = YES;
				ENABLE_TESTABILITY = YES;
				GCC_C_LANGUAGE_STANDARD = gnu11;
				GCC_DYNAMIC_NO_PIC = NO;
				GCC_NO_COMMON_BLOCKS = YES;
				GCC_OPTIMIZATION_LEVEL = 0;
				GCC_PREPROCESSOR_DEFINITIONS = (
					"DEBUG=1",
					"$(inherited)",
				);
				GCC_WARN_64_TO_32_BIT_CONVERSION = YES;
				GCC_WARN_ABOUT_RETURN_TYPE = YES_ERROR;
				GCC_WARN_UNDECLARED_SELECTOR = YES;
				GCC_WARN_UNINITIALIZED_AUTOS = YES_AGGRESSIVE;
				GCC_WARN_UNUSED_FUNCTION = YES;
				GCC_WARN_UNUSED_VARIABLE = YES;
				IPHONEOS_DEPLOYMENT_TARGET = 10.0;
				MTL_ENABLE_DEBUG_INFO = INCLUDE_SOURCE;
				MTL_FAST_MATH = YES;
				ONLY_ACTIVE_ARCH = YES;
				SDKROOT = iphoneos;
				SWIFT_ACTIVE_COMPILATION_CONDITIONS = DEBUG;
				SWIFT_OPTIMIZATION_LEVEL = "-Onone";
			};
			name = Debug;
		};
		4DFEB72421B7EE9700A3E66D /* Release */ = {
			isa = XCBuildConfiguration;
			buildSettings = {
				ALWAYS_SEARCH_USER_PATHS = NO;
				CLANG_ANALYZER_NONNULL = YES;
				CLANG_ANALYZER_NUMBER_OBJECT_CONVERSION = YES_AGGRESSIVE;
				CLANG_CXX_LANGUAGE_STANDARD = "gnu++14";
				CLANG_CXX_LIBRARY = "libc++";
				CLANG_ENABLE_MODULES = YES;
				CLANG_ENABLE_OBJC_ARC = YES;
				CLANG_ENABLE_OBJC_WEAK = YES;
				CLANG_WARN_BLOCK_CAPTURE_AUTORELEASING = YES;
				CLANG_WARN_BOOL_CONVERSION = YES;
				CLANG_WARN_COMMA = YES;
				CLANG_WARN_CONSTANT_CONVERSION = YES;
				CLANG_WARN_DEPRECATED_OBJC_IMPLEMENTATIONS = YES;
				CLANG_WARN_DIRECT_OBJC_ISA_USAGE = YES_ERROR;
				CLANG_WARN_DOCUMENTATION_COMMENTS = YES;
				CLANG_WARN_EMPTY_BODY = YES;
				CLANG_WARN_ENUM_CONVERSION = YES;
				CLANG_WARN_INFINITE_RECURSION = YES;
				CLANG_WARN_INT_CONVERSION = YES;
				CLANG_WARN_NON_LITERAL_NULL_CONVERSION = YES;
				CLANG_WARN_OBJC_IMPLICIT_RETAIN_SELF = YES;
				CLANG_WARN_OBJC_LITERAL_CONVERSION = YES;
				CLANG_WARN_OBJC_ROOT_CLASS = YES_ERROR;
				CLANG_WARN_RANGE_LOOP_ANALYSIS = YES;
				CLANG_WARN_STRICT_PROTOTYPES = YES;
				CLANG_WARN_SUSPICIOUS_MOVE = YES;
				CLANG_WARN_UNGUARDED_AVAILABILITY = YES_AGGRESSIVE;
				CLANG_WARN_UNREACHABLE_CODE = YES;
				CLANG_WARN__DUPLICATE_METHOD_MATCH = YES;
				CODE_SIGN_IDENTITY = "iPhone Developer";
				COPY_PHASE_STRIP = NO;
				DEBUG_INFORMATION_FORMAT = "dwarf-with-dsym";
				ENABLE_NS_ASSERTIONS = NO;
				ENABLE_STRICT_OBJC_MSGSEND = YES;
				GCC_C_LANGUAGE_STANDARD = gnu11;
				GCC_NO_COMMON_BLOCKS = YES;
				GCC_WARN_64_TO_32_BIT_CONVERSION = YES;
				GCC_WARN_ABOUT_RETURN_TYPE = YES_ERROR;
				GCC_WARN_UNDECLARED_SELECTOR = YES;
				GCC_WARN_UNINITIALIZED_AUTOS = YES_AGGRESSIVE;
				GCC_WARN_UNUSED_FUNCTION = YES;
				GCC_WARN_UNUSED_VARIABLE = YES;
				IPHONEOS_DEPLOYMENT_TARGET = 10.0;
				MTL_ENABLE_DEBUG_INFO = NO;
				MTL_FAST_MATH = YES;
				SDKROOT = iphoneos;
				SWIFT_COMPILATION_MODE = wholemodule;
				SWIFT_OPTIMIZATION_LEVEL = "-O";
				VALIDATE_PRODUCT = YES;
			};
			name = Release;
		};
		4DFEB72621B7EE9700A3E66D /* Debug */ = {
			isa = XCBuildConfiguration;
			buildSettings = {
				ASSETCATALOG_COMPILER_APPICON_NAME = AppIcon;
				CODE_SIGN_STYLE = Manual;
				DEVELOPMENT_TEAM = "";
				INFOPLIST_FILE = "iOS Example/Info.plist";
				IPHONEOS_DEPLOYMENT_TARGET = 10.0;
				LD_RUNPATH_SEARCH_PATHS = (
					"$(inherited)",
					"@executable_path/Frameworks",
				);
				PRODUCT_BUNDLE_IDENTIFIER = "com.platphorm.iOS-Example";
				PRODUCT_NAME = "$(TARGET_NAME)";
				PROVISIONING_PROFILE_SPECIFIER = "";
				SWIFT_VERSION = 4.2;
				TARGETED_DEVICE_FAMILY = "1,2";
			};
			name = Debug;
		};
		4DFEB72721B7EE9700A3E66D /* Release */ = {
			isa = XCBuildConfiguration;
			buildSettings = {
				ASSETCATALOG_COMPILER_APPICON_NAME = AppIcon;
				CODE_SIGN_STYLE = Manual;
				DEVELOPMENT_TEAM = "";
				INFOPLIST_FILE = "iOS Example/Info.plist";
				IPHONEOS_DEPLOYMENT_TARGET = 10.0;
				LD_RUNPATH_SEARCH_PATHS = (
					"$(inherited)",
					"@executable_path/Frameworks",
				);
				PRODUCT_BUNDLE_IDENTIFIER = "com.platphorm.iOS-Example";
				PRODUCT_NAME = "$(TARGET_NAME)";
				PROVISIONING_PROFILE_SPECIFIER = "";
				SWIFT_VERSION = 4.2;
				TARGETED_DEVICE_FAMILY = "1,2";
			};
			name = Release;
		};
		4DFEB72921B7EE9700A3E66D /* Debug */ = {
			isa = XCBuildConfiguration;
			buildSettings = {
				ALWAYS_EMBED_SWIFT_STANDARD_LIBRARIES = YES;
				BUNDLE_LOADER = "$(TEST_HOST)";
				CODE_SIGN_STYLE = Automatic;
				DEVELOPMENT_TEAM = 6ZVUJ9G9RV;
				INFOPLIST_FILE = "iOS ExampleTests/Info.plist";
				LD_RUNPATH_SEARCH_PATHS = (
					"$(inherited)",
					"@executable_path/Frameworks",
					"@loader_path/Frameworks",
				);
				PRODUCT_BUNDLE_IDENTIFIER = "com.platphorm.iOS-ExampleTests";
				PRODUCT_NAME = "$(TARGET_NAME)";
				SWIFT_VERSION = 4.2;
				TARGETED_DEVICE_FAMILY = "1,2";
				TEST_HOST = "$(BUILT_PRODUCTS_DIR)/iOS Example.app/iOS Example";
			};
			name = Debug;
		};
		4DFEB72A21B7EE9700A3E66D /* Release */ = {
			isa = XCBuildConfiguration;
			buildSettings = {
				ALWAYS_EMBED_SWIFT_STANDARD_LIBRARIES = YES;
				BUNDLE_LOADER = "$(TEST_HOST)";
				CODE_SIGN_STYLE = Automatic;
				DEVELOPMENT_TEAM = 6ZVUJ9G9RV;
				INFOPLIST_FILE = "iOS ExampleTests/Info.plist";
				LD_RUNPATH_SEARCH_PATHS = (
					"$(inherited)",
					"@executable_path/Frameworks",
					"@loader_path/Frameworks",
				);
				PRODUCT_BUNDLE_IDENTIFIER = "com.platphorm.iOS-ExampleTests";
				PRODUCT_NAME = "$(TARGET_NAME)";
				SWIFT_VERSION = 4.2;
				TARGETED_DEVICE_FAMILY = "1,2";
				TEST_HOST = "$(BUILT_PRODUCTS_DIR)/iOS Example.app/iOS Example";
			};
			name = Release;
		};
		4DFEB72C21B7EE9700A3E66D /* Debug */ = {
			isa = XCBuildConfiguration;
			buildSettings = {
				ALWAYS_EMBED_SWIFT_STANDARD_LIBRARIES = YES;
				CODE_SIGN_STYLE = Automatic;
				DEVELOPMENT_TEAM = 6ZVUJ9G9RV;
				INFOPLIST_FILE = "iOS ExampleUITests/Info.plist";
				LD_RUNPATH_SEARCH_PATHS = (
					"$(inherited)",
					"@executable_path/Frameworks",
					"@loader_path/Frameworks",
				);
				PRODUCT_BUNDLE_IDENTIFIER = "com.platphorm.iOS-ExampleUITests";
				PRODUCT_NAME = "$(TARGET_NAME)";
				SWIFT_VERSION = 4.2;
				TARGETED_DEVICE_FAMILY = "1,2";
				TEST_TARGET_NAME = "iOS Example";
			};
			name = Debug;
		};
		4DFEB72D21B7EE9700A3E66D /* Release */ = {
			isa = XCBuildConfiguration;
			buildSettings = {
				ALWAYS_EMBED_SWIFT_STANDARD_LIBRARIES = YES;
				CODE_SIGN_STYLE = Automatic;
				DEVELOPMENT_TEAM = 6ZVUJ9G9RV;
				INFOPLIST_FILE = "iOS ExampleUITests/Info.plist";
				LD_RUNPATH_SEARCH_PATHS = (
					"$(inherited)",
					"@executable_path/Frameworks",
					"@loader_path/Frameworks",
				);
				PRODUCT_BUNDLE_IDENTIFIER = "com.platphorm.iOS-ExampleUITests";
				PRODUCT_NAME = "$(TARGET_NAME)";
				SWIFT_VERSION = 4.2;
				TARGETED_DEVICE_FAMILY = "1,2";
				TEST_TARGET_NAME = "iOS Example";
			};
			name = Release;
		};
/* End XCBuildConfiguration section */

/* Begin XCConfigurationList section */
		4DFEB6F821B7EE9600A3E66D /* Build configuration list for PBXProject "iOS Example" */ = {
			isa = XCConfigurationList;
			buildConfigurations = (
				4DFEB72321B7EE9700A3E66D /* Debug */,
				4DFEB72421B7EE9700A3E66D /* Release */,
			);
			defaultConfigurationIsVisible = 0;
			defaultConfigurationName = Release;
		};
		4DFEB72521B7EE9700A3E66D /* Build configuration list for PBXNativeTarget "iOS Example" */ = {
			isa = XCConfigurationList;
			buildConfigurations = (
				4DFEB72621B7EE9700A3E66D /* Debug */,
				4DFEB72721B7EE9700A3E66D /* Release */,
			);
			defaultConfigurationIsVisible = 0;
			defaultConfigurationName = Release;
		};
		4DFEB72821B7EE9700A3E66D /* Build configuration list for PBXNativeTarget "iOS ExampleTests" */ = {
			isa = XCConfigurationList;
			buildConfigurations = (
				4DFEB72921B7EE9700A3E66D /* Debug */,
				4DFEB72A21B7EE9700A3E66D /* Release */,
			);
			defaultConfigurationIsVisible = 0;
			defaultConfigurationName = Release;
		};
		4DFEB72B21B7EE9700A3E66D /* Build configuration list for PBXNativeTarget "iOS ExampleUITests" */ = {
			isa = XCConfigurationList;
			buildConfigurations = (
				4DFEB72C21B7EE9700A3E66D /* Debug */,
				4DFEB72D21B7EE9700A3E66D /* Release */,
			);
			defaultConfigurationIsVisible = 0;
			defaultConfigurationName = Release;
		};
/* End XCConfigurationList section */
	};
	rootObject = 4DFEB6F521B7EE9600A3E66D /* Project object */;
}
